// !$*UTF8*$!
{
	archiveVersion = 1;
	classes = {
	};
	objectVersion = 46;
	objects = {

/* Begin PBXBuildFile section */
		AC2665B218FB1C59002EB43A /* Foundation.framework in Frameworks */ = {isa = PBXBuildFile; fileRef = AC2665B118FB1C59002EB43A /* Foundation.framework */; };
		AC2665B418FB1C59002EB43A /* CoreGraphics.framework in Frameworks */ = {isa = PBXBuildFile; fileRef = AC2665B318FB1C59002EB43A /* CoreGraphics.framework */; };
		AC2665B618FB1C59002EB43A /* UIKit.framework in Frameworks */ = {isa = PBXBuildFile; fileRef = AC2665B518FB1C59002EB43A /* UIKit.framework */; };
		AC2665BC18FB1C59002EB43A /* InfoPlist.strings in Resources */ = {isa = PBXBuildFile; fileRef = AC2665BA18FB1C59002EB43A /* InfoPlist.strings */; };
		AC2665BE18FB1C59002EB43A /* main.m in Sources */ = {isa = PBXBuildFile; fileRef = AC2665BD18FB1C59002EB43A /* main.m */; };
		AC2665C218FB1C59002EB43A /* GifAppDelegate.m in Sources */ = {isa = PBXBuildFile; fileRef = AC2665C118FB1C59002EB43A /* GifAppDelegate.m */; };
		AC2665C518FB1C59002EB43A /* Main_iPhone.storyboard in Resources */ = {isa = PBXBuildFile; fileRef = AC2665C318FB1C59002EB43A /* Main_iPhone.storyboard */; };
		AC2665C818FB1C59002EB43A /* Main_iPad.storyboard in Resources */ = {isa = PBXBuildFile; fileRef = AC2665C618FB1C59002EB43A /* Main_iPad.storyboard */; };
		AC2665CB18FB1C59002EB43A /* GifMasterViewController.m in Sources */ = {isa = PBXBuildFile; fileRef = AC2665CA18FB1C59002EB43A /* GifMasterViewController.m */; };
		AC2665CE18FB1C59002EB43A /* GifDetailViewController.m in Sources */ = {isa = PBXBuildFile; fileRef = AC2665CD18FB1C59002EB43A /* GifDetailViewController.m */; };
		AC2665D018FB1C59002EB43A /* Images.xcassets in Resources */ = {isa = PBXBuildFile; fileRef = AC2665CF18FB1C59002EB43A /* Images.xcassets */; };
		AC2665D718FB1C59002EB43A /* XCTest.framework in Frameworks */ = {isa = PBXBuildFile; fileRef = AC2665D618FB1C59002EB43A /* XCTest.framework */; };
		AC2665D818FB1C59002EB43A /* Foundation.framework in Frameworks */ = {isa = PBXBuildFile; fileRef = AC2665B118FB1C59002EB43A /* Foundation.framework */; };
		AC2665D918FB1C59002EB43A /* UIKit.framework in Frameworks */ = {isa = PBXBuildFile; fileRef = AC2665B518FB1C59002EB43A /* UIKit.framework */; };
		AC2665E118FB1C59002EB43A /* InfoPlist.strings in Resources */ = {isa = PBXBuildFile; fileRef = AC2665DF18FB1C59002EB43A /* InfoPlist.strings */; };
		AC2665E318FB1C59002EB43A /* ReactiongifsTests.m in Sources */ = {isa = PBXBuildFile; fileRef = AC2665E218FB1C59002EB43A /* ReactiongifsTests.m */; };
		AC2665F118FB1D6A002EB43A /* Gif.m in Sources */ = {isa = PBXBuildFile; fileRef = AC2665F018FB1D6A002EB43A /* Gif.m */; };
		AC2665F518FB2044002EB43A /* GifBuilder.m in Sources */ = {isa = PBXBuildFile; fileRef = AC2665F418FB2044002EB43A /* GifBuilder.m */; };
		AC2665F818FB20BD002EB43A /* GifCommunicator.m in Sources */ = {isa = PBXBuildFile; fileRef = AC2665F718FB20BD002EB43A /* GifCommunicator.m */; };
		AC2665FB18FB23E2002EB43A /* GifManager.m in Sources */ = {isa = PBXBuildFile; fileRef = AC2665FA18FB23E2002EB43A /* GifManager.m */; };
		AC2665FF18FB27E9002EB43A /* Album.m in Sources */ = {isa = PBXBuildFile; fileRef = AC2665FE18FB27E9002EB43A /* Album.m */; };
		AC26660218FB27F3002EB43A /* Gallery.m in Sources */ = {isa = PBXBuildFile; fileRef = AC26660118FB27F3002EB43A /* Gallery.m */; };
		AC26662218FBB096002EB43A /* MKAnnotationView+WebCache.m in Sources */ = {isa = PBXBuildFile; fileRef = AC26660618FBB096002EB43A /* MKAnnotationView+WebCache.m */; };
		AC26662318FBB096002EB43A /* NSData+ImageContentType.m in Sources */ = {isa = PBXBuildFile; fileRef = AC26660818FBB096002EB43A /* NSData+ImageContentType.m */; };
		AC26662418FBB096002EB43A /* SDImageCache.m in Sources */ = {isa = PBXBuildFile; fileRef = AC26660A18FBB096002EB43A /* SDImageCache.m */; };
		AC26662518FBB097002EB43A /* SDWebImageCompat.m in Sources */ = {isa = PBXBuildFile; fileRef = AC26660C18FBB096002EB43A /* SDWebImageCompat.m */; };
		AC26662618FBB097002EB43A /* SDWebImageDecoder.m in Sources */ = {isa = PBXBuildFile; fileRef = AC26660E18FBB096002EB43A /* SDWebImageDecoder.m */; };
		AC26662718FBB097002EB43A /* SDWebImageDownloader.m in Sources */ = {isa = PBXBuildFile; fileRef = AC26661018FBB096002EB43A /* SDWebImageDownloader.m */; };
		AC26662818FBB097002EB43A /* SDWebImageDownloaderOperation.m in Sources */ = {isa = PBXBuildFile; fileRef = AC26661218FBB096002EB43A /* SDWebImageDownloaderOperation.m */; };
		AC26662918FBB097002EB43A /* SDWebImageManager.m in Sources */ = {isa = PBXBuildFile; fileRef = AC26661418FBB096002EB43A /* SDWebImageManager.m */; };
		AC26662A18FBB097002EB43A /* SDWebImagePrefetcher.m in Sources */ = {isa = PBXBuildFile; fileRef = AC26661718FBB096002EB43A /* SDWebImagePrefetcher.m */; };
		AC26662B18FBB097002EB43A /* UIButton+WebCache.m in Sources */ = {isa = PBXBuildFile; fileRef = AC26661918FBB096002EB43A /* UIButton+WebCache.m */; };
		AC26662C18FBB097002EB43A /* UIImage+GIF.m in Sources */ = {isa = PBXBuildFile; fileRef = AC26661B18FBB096002EB43A /* UIImage+GIF.m */; };
		AC26662D18FBB097002EB43A /* UIImage+MultiFormat.m in Sources */ = {isa = PBXBuildFile; fileRef = AC26661D18FBB096002EB43A /* UIImage+MultiFormat.m */; };
		AC26662E18FBB097002EB43A /* UIImage+WebP.m in Sources */ = {isa = PBXBuildFile; fileRef = AC26661F18FBB096002EB43A /* UIImage+WebP.m */; };
		AC26662F18FBB097002EB43A /* UIImageView+WebCache.m in Sources */ = {isa = PBXBuildFile; fileRef = AC26662118FBB096002EB43A /* UIImageView+WebCache.m */; };
		AC26664318FC9813002EB43A /* GifsViewController.m in Sources */ = {isa = PBXBuildFile; fileRef = AC26664218FC9813002EB43A /* GifsViewController.m */; };
		AC26664918FCA8C6002EB43A /* GifTableViewCell.m in Sources */ = {isa = PBXBuildFile; fileRef = AC26664818FCA8C6002EB43A /* GifTableViewCell.m */; };
		AC26664B18FCBA58002EB43A /* loading.gif in Resources */ = {isa = PBXBuildFile; fileRef = AC26664A18FCBA58002EB43A /* loading.gif */; };
		AC26664D18FCBB45002EB43A /* preloader.gif in Resources */ = {isa = PBXBuildFile; fileRef = AC26664C18FCBB45002EB43A /* preloader.gif */; };
		AC26668B18FCE878002EB43A /* Icon-40.png in Resources */ = {isa = PBXBuildFile; fileRef = AC26667D18FCE878002EB43A /* Icon-40.png */; };
		AC26668C18FCE878002EB43A /* Icon-40@2x.png in Resources */ = {isa = PBXBuildFile; fileRef = AC26667E18FCE878002EB43A /* Icon-40@2x.png */; };
		AC26668D18FCE878002EB43A /* Icon-60.png in Resources */ = {isa = PBXBuildFile; fileRef = AC26667F18FCE878002EB43A /* Icon-60.png */; };
		AC26668E18FCE878002EB43A /* Icon-60@2x.png in Resources */ = {isa = PBXBuildFile; fileRef = AC26668018FCE878002EB43A /* Icon-60@2x.png */; };
		AC26668F18FCE878002EB43A /* Icon-72.png in Resources */ = {isa = PBXBuildFile; fileRef = AC26668118FCE878002EB43A /* Icon-72.png */; };
		AC26669018FCE878002EB43A /* Icon-72@2x.png in Resources */ = {isa = PBXBuildFile; fileRef = AC26668218FCE878002EB43A /* Icon-72@2x.png */; };
		AC26669118FCE878002EB43A /* Icon-76.png in Resources */ = {isa = PBXBuildFile; fileRef = AC26668318FCE878002EB43A /* Icon-76.png */; };
		AC26669218FCE878002EB43A /* Icon-76@2x.png in Resources */ = {isa = PBXBuildFile; fileRef = AC26668418FCE878002EB43A /* Icon-76@2x.png */; };
		AC26669318FCE878002EB43A /* Icon-Small-50.png in Resources */ = {isa = PBXBuildFile; fileRef = AC26668518FCE878002EB43A /* Icon-Small-50.png */; };
		AC26669418FCE878002EB43A /* Icon-Small-50@2x.png in Resources */ = {isa = PBXBuildFile; fileRef = AC26668618FCE878002EB43A /* Icon-Small-50@2x.png */; };
		AC26669518FCE878002EB43A /* Icon-Small.png in Resources */ = {isa = PBXBuildFile; fileRef = AC26668718FCE878002EB43A /* Icon-Small.png */; };
		AC26669618FCE878002EB43A /* Icon-Small@2x.png in Resources */ = {isa = PBXBuildFile; fileRef = AC26668818FCE878002EB43A /* Icon-Small@2x.png */; };
		AC26669718FCE878002EB43A /* Icon.png in Resources */ = {isa = PBXBuildFile; fileRef = AC26668918FCE878002EB43A /* Icon.png */; };
		AC26669818FCE878002EB43A /* Icon@2x.png in Resources */ = {isa = PBXBuildFile; fileRef = AC26668A18FCE878002EB43A /* Icon@2x.png */; };
		AC2666B518FCF4EA002EB43A /* Blue.png in Resources */ = {isa = PBXBuildFile; fileRef = AC2666AA18FCF4E9002EB43A /* Blue.png */; };
		AC2666B618FCF4EA002EB43A /* Blue@2x.png in Resources */ = {isa = PBXBuildFile; fileRef = AC2666AB18FCF4E9002EB43A /* Blue@2x.png */; };
		AC2666B718FCF4EA002EB43A /* MKInfoPanel.m in Sources */ = {isa = PBXBuildFile; fileRef = AC2666AD18FCF4EA002EB43A /* MKInfoPanel.m */; };
		AC2666B818FCF4EA002EB43A /* MKInfoPanel.xib in Resources */ = {isa = PBXBuildFile; fileRef = AC2666AE18FCF4EA002EB43A /* MKInfoPanel.xib */; };
		AC2666B918FCF4EA002EB43A /* Red.png in Resources */ = {isa = PBXBuildFile; fileRef = AC2666AF18FCF4EA002EB43A /* Red.png */; };
		AC2666BA18FCF4EA002EB43A /* Red@2x.png in Resources */ = {isa = PBXBuildFile; fileRef = AC2666B018FCF4EA002EB43A /* Red@2x.png */; };
		AC2666BB18FCF4EA002EB43A /* Tick.png in Resources */ = {isa = PBXBuildFile; fileRef = AC2666B118FCF4EA002EB43A /* Tick.png */; };
		AC2666BC18FCF4EA002EB43A /* Tick@2x.png in Resources */ = {isa = PBXBuildFile; fileRef = AC2666B218FCF4EA002EB43A /* Tick@2x.png */; };
		AC2666BD18FCF4EA002EB43A /* Warning.png in Resources */ = {isa = PBXBuildFile; fileRef = AC2666B318FCF4EA002EB43A /* Warning.png */; };
		AC2666BE18FCF4EA002EB43A /* Warning@2x.png in Resources */ = {isa = PBXBuildFile; fileRef = AC2666B418FCF4EA002EB43A /* Warning@2x.png */; };
/* End PBXBuildFile section */

/* Begin PBXContainerItemProxy section */
		AC2665DA18FB1C59002EB43A /* PBXContainerItemProxy */ = {
			isa = PBXContainerItemProxy;
			containerPortal = AC2665A618FB1C59002EB43A /* Project object */;
			proxyType = 1;
			remoteGlobalIDString = AC2665AD18FB1C59002EB43A;
			remoteInfo = Reactiongifs;
		};
/* End PBXContainerItemProxy section */

/* Begin PBXFileReference section */
		AC2665AE18FB1C59002EB43A /* Reactiongifs.app */ = {isa = PBXFileReference; explicitFileType = wrapper.application; includeInIndex = 0; path = Reactiongifs.app; sourceTree = BUILT_PRODUCTS_DIR; };
		AC2665B118FB1C59002EB43A /* Foundation.framework */ = {isa = PBXFileReference; lastKnownFileType = wrapper.framework; name = Foundation.framework; path = System/Library/Frameworks/Foundation.framework; sourceTree = SDKROOT; };
		AC2665B318FB1C59002EB43A /* CoreGraphics.framework */ = {isa = PBXFileReference; lastKnownFileType = wrapper.framework; name = CoreGraphics.framework; path = System/Library/Frameworks/CoreGraphics.framework; sourceTree = SDKROOT; };
		AC2665B518FB1C59002EB43A /* UIKit.framework */ = {isa = PBXFileReference; lastKnownFileType = wrapper.framework; name = UIKit.framework; path = System/Library/Frameworks/UIKit.framework; sourceTree = SDKROOT; };
		AC2665B918FB1C59002EB43A /* Reactiongifs-Info.plist */ = {isa = PBXFileReference; lastKnownFileType = text.plist.xml; path = "Reactiongifs-Info.plist"; sourceTree = "<group>"; };
		AC2665BB18FB1C59002EB43A /* en */ = {isa = PBXFileReference; lastKnownFileType = text.plist.strings; name = en; path = en.lproj/InfoPlist.strings; sourceTree = "<group>"; };
		AC2665BD18FB1C59002EB43A /* main.m */ = {isa = PBXFileReference; lastKnownFileType = sourcecode.c.objc; path = main.m; sourceTree = "<group>"; };
		AC2665BF18FB1C59002EB43A /* Reactiongifs-Prefix.pch */ = {isa = PBXFileReference; lastKnownFileType = sourcecode.c.h; path = "Reactiongifs-Prefix.pch"; sourceTree = "<group>"; };
		AC2665C018FB1C59002EB43A /* GifAppDelegate.h */ = {isa = PBXFileReference; lastKnownFileType = sourcecode.c.h; path = GifAppDelegate.h; sourceTree = "<group>"; };
		AC2665C118FB1C59002EB43A /* GifAppDelegate.m */ = {isa = PBXFileReference; lastKnownFileType = sourcecode.c.objc; path = GifAppDelegate.m; sourceTree = "<group>"; };
		AC2665C418FB1C59002EB43A /* Base */ = {isa = PBXFileReference; lastKnownFileType = file.storyboard; name = Base; path = Base.lproj/Main_iPhone.storyboard; sourceTree = "<group>"; };
		AC2665C718FB1C59002EB43A /* Base */ = {isa = PBXFileReference; lastKnownFileType = file.storyboard; name = Base; path = Base.lproj/Main_iPad.storyboard; sourceTree = "<group>"; };
		AC2665C918FB1C59002EB43A /* GifMasterViewController.h */ = {isa = PBXFileReference; lastKnownFileType = sourcecode.c.h; path = GifMasterViewController.h; sourceTree = "<group>"; };
		AC2665CA18FB1C59002EB43A /* GifMasterViewController.m */ = {isa = PBXFileReference; lastKnownFileType = sourcecode.c.objc; path = GifMasterViewController.m; sourceTree = "<group>"; };
		AC2665CC18FB1C59002EB43A /* GifDetailViewController.h */ = {isa = PBXFileReference; lastKnownFileType = sourcecode.c.h; path = GifDetailViewController.h; sourceTree = "<group>"; };
		AC2665CD18FB1C59002EB43A /* GifDetailViewController.m */ = {isa = PBXFileReference; lastKnownFileType = sourcecode.c.objc; path = GifDetailViewController.m; sourceTree = "<group>"; };
		AC2665CF18FB1C59002EB43A /* Images.xcassets */ = {isa = PBXFileReference; lastKnownFileType = folder.assetcatalog; path = Images.xcassets; sourceTree = "<group>"; };
		AC2665D518FB1C59002EB43A /* ReactiongifsTests.xctest */ = {isa = PBXFileReference; explicitFileType = wrapper.cfbundle; includeInIndex = 0; path = ReactiongifsTests.xctest; sourceTree = BUILT_PRODUCTS_DIR; };
		AC2665D618FB1C59002EB43A /* XCTest.framework */ = {isa = PBXFileReference; lastKnownFileType = wrapper.framework; name = XCTest.framework; path = Library/Frameworks/XCTest.framework; sourceTree = DEVELOPER_DIR; };
		AC2665DE18FB1C59002EB43A /* ReactiongifsTests-Info.plist */ = {isa = PBXFileReference; lastKnownFileType = text.plist.xml; path = "ReactiongifsTests-Info.plist"; sourceTree = "<group>"; };
		AC2665E018FB1C59002EB43A /* en */ = {isa = PBXFileReference; lastKnownFileType = text.plist.strings; name = en; path = en.lproj/InfoPlist.strings; sourceTree = "<group>"; };
		AC2665E218FB1C59002EB43A /* ReactiongifsTests.m */ = {isa = PBXFileReference; lastKnownFileType = sourcecode.c.objc; path = ReactiongifsTests.m; sourceTree = "<group>"; };
		AC2665EF18FB1D6A002EB43A /* Gif.h */ = {isa = PBXFileReference; fileEncoding = 4; lastKnownFileType = sourcecode.c.h; path = Gif.h; sourceTree = "<group>"; };
		AC2665F018FB1D6A002EB43A /* Gif.m */ = {isa = PBXFileReference; fileEncoding = 4; lastKnownFileType = sourcecode.c.objc; path = Gif.m; sourceTree = "<group>"; };
		AC2665F218FB1E74002EB43A /* GifCommunicatorDelegate.h */ = {isa = PBXFileReference; lastKnownFileType = sourcecode.c.h; path = GifCommunicatorDelegate.h; sourceTree = "<group>"; };
		AC2665F318FB2044002EB43A /* GifBuilder.h */ = {isa = PBXFileReference; fileEncoding = 4; lastKnownFileType = sourcecode.c.h; path = GifBuilder.h; sourceTree = "<group>"; };
		AC2665F418FB2044002EB43A /* GifBuilder.m */ = {isa = PBXFileReference; fileEncoding = 4; lastKnownFileType = sourcecode.c.objc; path = GifBuilder.m; sourceTree = "<group>"; };
		AC2665F618FB20BD002EB43A /* GifCommunicator.h */ = {isa = PBXFileReference; fileEncoding = 4; lastKnownFileType = sourcecode.c.h; path = GifCommunicator.h; sourceTree = "<group>"; };
		AC2665F718FB20BD002EB43A /* GifCommunicator.m */ = {isa = PBXFileReference; fileEncoding = 4; lastKnownFileType = sourcecode.c.objc; path = GifCommunicator.m; sourceTree = "<group>"; };
		AC2665F918FB23E2002EB43A /* GifManager.h */ = {isa = PBXFileReference; fileEncoding = 4; lastKnownFileType = sourcecode.c.h; path = GifManager.h; sourceTree = "<group>"; };
		AC2665FA18FB23E2002EB43A /* GifManager.m */ = {isa = PBXFileReference; fileEncoding = 4; lastKnownFileType = sourcecode.c.objc; path = GifManager.m; sourceTree = "<group>"; };
		AC2665FC18FB2414002EB43A /* GifManagerDelegate.h */ = {isa = PBXFileReference; lastKnownFileType = sourcecode.c.h; path = GifManagerDelegate.h; sourceTree = "<group>"; };
		AC2665FD18FB27E9002EB43A /* Album.h */ = {isa = PBXFileReference; fileEncoding = 4; lastKnownFileType = sourcecode.c.h; path = Album.h; sourceTree = "<group>"; };
		AC2665FE18FB27E9002EB43A /* Album.m */ = {isa = PBXFileReference; fileEncoding = 4; lastKnownFileType = sourcecode.c.objc; path = Album.m; sourceTree = "<group>"; };
		AC26660018FB27F3002EB43A /* Gallery.h */ = {isa = PBXFileReference; fileEncoding = 4; lastKnownFileType = sourcecode.c.h; path = Gallery.h; sourceTree = "<group>"; };
		AC26660118FB27F3002EB43A /* Gallery.m */ = {isa = PBXFileReference; fileEncoding = 4; lastKnownFileType = sourcecode.c.objc; path = Gallery.m; sourceTree = "<group>"; };
		AC26660518FBB096002EB43A /* MKAnnotationView+WebCache.h */ = {isa = PBXFileReference; fileEncoding = 4; lastKnownFileType = sourcecode.c.h; path = "MKAnnotationView+WebCache.h"; sourceTree = "<group>"; };
		AC26660618FBB096002EB43A /* MKAnnotationView+WebCache.m */ = {isa = PBXFileReference; fileEncoding = 4; lastKnownFileType = sourcecode.c.objc; path = "MKAnnotationView+WebCache.m"; sourceTree = "<group>"; };
		AC26660718FBB096002EB43A /* NSData+ImageContentType.h */ = {isa = PBXFileReference; fileEncoding = 4; lastKnownFileType = sourcecode.c.h; path = "NSData+ImageContentType.h"; sourceTree = "<group>"; };
		AC26660818FBB096002EB43A /* NSData+ImageContentType.m */ = {isa = PBXFileReference; fileEncoding = 4; lastKnownFileType = sourcecode.c.objc; path = "NSData+ImageContentType.m"; sourceTree = "<group>"; };
		AC26660918FBB096002EB43A /* SDImageCache.h */ = {isa = PBXFileReference; fileEncoding = 4; lastKnownFileType = sourcecode.c.h; path = SDImageCache.h; sourceTree = "<group>"; };
		AC26660A18FBB096002EB43A /* SDImageCache.m */ = {isa = PBXFileReference; fileEncoding = 4; lastKnownFileType = sourcecode.c.objc; path = SDImageCache.m; sourceTree = "<group>"; };
		AC26660B18FBB096002EB43A /* SDWebImageCompat.h */ = {isa = PBXFileReference; fileEncoding = 4; lastKnownFileType = sourcecode.c.h; path = SDWebImageCompat.h; sourceTree = "<group>"; };
		AC26660C18FBB096002EB43A /* SDWebImageCompat.m */ = {isa = PBXFileReference; fileEncoding = 4; lastKnownFileType = sourcecode.c.objc; path = SDWebImageCompat.m; sourceTree = "<group>"; };
		AC26660D18FBB096002EB43A /* SDWebImageDecoder.h */ = {isa = PBXFileReference; fileEncoding = 4; lastKnownFileType = sourcecode.c.h; path = SDWebImageDecoder.h; sourceTree = "<group>"; };
		AC26660E18FBB096002EB43A /* SDWebImageDecoder.m */ = {isa = PBXFileReference; fileEncoding = 4; lastKnownFileType = sourcecode.c.objc; path = SDWebImageDecoder.m; sourceTree = "<group>"; };
		AC26660F18FBB096002EB43A /* SDWebImageDownloader.h */ = {isa = PBXFileReference; fileEncoding = 4; lastKnownFileType = sourcecode.c.h; path = SDWebImageDownloader.h; sourceTree = "<group>"; };
		AC26661018FBB096002EB43A /* SDWebImageDownloader.m */ = {isa = PBXFileReference; fileEncoding = 4; lastKnownFileType = sourcecode.c.objc; path = SDWebImageDownloader.m; sourceTree = "<group>"; };
		AC26661118FBB096002EB43A /* SDWebImageDownloaderOperation.h */ = {isa = PBXFileReference; fileEncoding = 4; lastKnownFileType = sourcecode.c.h; path = SDWebImageDownloaderOperation.h; sourceTree = "<group>"; };
		AC26661218FBB096002EB43A /* SDWebImageDownloaderOperation.m */ = {isa = PBXFileReference; fileEncoding = 4; lastKnownFileType = sourcecode.c.objc; path = SDWebImageDownloaderOperation.m; sourceTree = "<group>"; };
		AC26661318FBB096002EB43A /* SDWebImageManager.h */ = {isa = PBXFileReference; fileEncoding = 4; lastKnownFileType = sourcecode.c.h; path = SDWebImageManager.h; sourceTree = "<group>"; };
		AC26661418FBB096002EB43A /* SDWebImageManager.m */ = {isa = PBXFileReference; fileEncoding = 4; lastKnownFileType = sourcecode.c.objc; path = SDWebImageManager.m; sourceTree = "<group>"; };
		AC26661518FBB096002EB43A /* SDWebImageOperation.h */ = {isa = PBXFileReference; fileEncoding = 4; lastKnownFileType = sourcecode.c.h; path = SDWebImageOperation.h; sourceTree = "<group>"; };
		AC26661618FBB096002EB43A /* SDWebImagePrefetcher.h */ = {isa = PBXFileReference; fileEncoding = 4; lastKnownFileType = sourcecode.c.h; path = SDWebImagePrefetcher.h; sourceTree = "<group>"; };
		AC26661718FBB096002EB43A /* SDWebImagePrefetcher.m */ = {isa = PBXFileReference; fileEncoding = 4; lastKnownFileType = sourcecode.c.objc; path = SDWebImagePrefetcher.m; sourceTree = "<group>"; };
		AC26661818FBB096002EB43A /* UIButton+WebCache.h */ = {isa = PBXFileReference; fileEncoding = 4; lastKnownFileType = sourcecode.c.h; path = "UIButton+WebCache.h"; sourceTree = "<group>"; };
		AC26661918FBB096002EB43A /* UIButton+WebCache.m */ = {isa = PBXFileReference; fileEncoding = 4; lastKnownFileType = sourcecode.c.objc; path = "UIButton+WebCache.m"; sourceTree = "<group>"; };
		AC26661A18FBB096002EB43A /* UIImage+GIF.h */ = {isa = PBXFileReference; fileEncoding = 4; lastKnownFileType = sourcecode.c.h; path = "UIImage+GIF.h"; sourceTree = "<group>"; };
		AC26661B18FBB096002EB43A /* UIImage+GIF.m */ = {isa = PBXFileReference; fileEncoding = 4; lastKnownFileType = sourcecode.c.objc; path = "UIImage+GIF.m"; sourceTree = "<group>"; };
		AC26661C18FBB096002EB43A /* UIImage+MultiFormat.h */ = {isa = PBXFileReference; fileEncoding = 4; lastKnownFileType = sourcecode.c.h; path = "UIImage+MultiFormat.h"; sourceTree = "<group>"; };
		AC26661D18FBB096002EB43A /* UIImage+MultiFormat.m */ = {isa = PBXFileReference; fileEncoding = 4; lastKnownFileType = sourcecode.c.objc; path = "UIImage+MultiFormat.m"; sourceTree = "<group>"; };
		AC26661E18FBB096002EB43A /* UIImage+WebP.h */ = {isa = PBXFileReference; fileEncoding = 4; lastKnownFileType = sourcecode.c.h; path = "UIImage+WebP.h"; sourceTree = "<group>"; };
		AC26661F18FBB096002EB43A /* UIImage+WebP.m */ = {isa = PBXFileReference; fileEncoding = 4; lastKnownFileType = sourcecode.c.objc; path = "UIImage+WebP.m"; sourceTree = "<group>"; };
		AC26662018FBB096002EB43A /* UIImageView+WebCache.h */ = {isa = PBXFileReference; fileEncoding = 4; lastKnownFileType = sourcecode.c.h; path = "UIImageView+WebCache.h"; sourceTree = "<group>"; };
		AC26662118FBB096002EB43A /* UIImageView+WebCache.m */ = {isa = PBXFileReference; fileEncoding = 4; lastKnownFileType = sourcecode.c.objc; path = "UIImageView+WebCache.m"; sourceTree = "<group>"; };
		AC26664118FC9813002EB43A /* GifsViewController.h */ = {isa = PBXFileReference; fileEncoding = 4; lastKnownFileType = sourcecode.c.h; path = GifsViewController.h; sourceTree = "<group>"; };
		AC26664218FC9813002EB43A /* GifsViewController.m */ = {isa = PBXFileReference; fileEncoding = 4; lastKnownFileType = sourcecode.c.objc; path = GifsViewController.m; sourceTree = "<group>"; };
		AC26664718FCA8C6002EB43A /* GifTableViewCell.h */ = {isa = PBXFileReference; fileEncoding = 4; lastKnownFileType = sourcecode.c.h; path = GifTableViewCell.h; sourceTree = "<group>"; };
		AC26664818FCA8C6002EB43A /* GifTableViewCell.m */ = {isa = PBXFileReference; fileEncoding = 4; lastKnownFileType = sourcecode.c.objc; path = GifTableViewCell.m; sourceTree = "<group>"; };
		AC26664A18FCBA58002EB43A /* loading.gif */ = {isa = PBXFileReference; lastKnownFileType = image.gif; name = loading.gif; path = ../../Desktop/loading.gif; sourceTree = "<group>"; };
		AC26664C18FCBB45002EB43A /* preloader.gif */ = {isa = PBXFileReference; lastKnownFileType = image.gif; name = preloader.gif; path = ../../Desktop/preloader.gif; sourceTree = "<group>"; };
		AC26667D18FCE878002EB43A /* Icon-40.png */ = {isa = PBXFileReference; lastKnownFileType = image.png; name = "Icon-40.png"; path = "../../Downloads/icon/ios7/Icon-40.png"; sourceTree = "<group>"; };
		AC26667E18FCE878002EB43A /* Icon-40@2x.png */ = {isa = PBXFileReference; lastKnownFileType = image.png; name = "Icon-40@2x.png"; path = "../../Downloads/icon/ios7/Icon-40@2x.png"; sourceTree = "<group>"; };
		AC26667F18FCE878002EB43A /* Icon-60.png */ = {isa = PBXFileReference; lastKnownFileType = image.png; name = "Icon-60.png"; path = "../../Downloads/icon/ios7/Icon-60.png"; sourceTree = "<group>"; };
		AC26668018FCE878002EB43A /* Icon-60@2x.png */ = {isa = PBXFileReference; lastKnownFileType = image.png; name = "Icon-60@2x.png"; path = "../../Downloads/icon/ios7/Icon-60@2x.png"; sourceTree = "<group>"; };
		AC26668118FCE878002EB43A /* Icon-72.png */ = {isa = PBXFileReference; lastKnownFileType = image.png; name = "Icon-72.png"; path = "../../Downloads/icon/ios7/Icon-72.png"; sourceTree = "<group>"; };
		AC26668218FCE878002EB43A /* Icon-72@2x.png */ = {isa = PBXFileReference; lastKnownFileType = image.png; name = "Icon-72@2x.png"; path = "../../Downloads/icon/ios7/Icon-72@2x.png"; sourceTree = "<group>"; };
		AC26668318FCE878002EB43A /* Icon-76.png */ = {isa = PBXFileReference; lastKnownFileType = image.png; name = "Icon-76.png"; path = "../../Downloads/icon/ios7/Icon-76.png"; sourceTree = "<group>"; };
		AC26668418FCE878002EB43A /* Icon-76@2x.png */ = {isa = PBXFileReference; lastKnownFileType = image.png; name = "Icon-76@2x.png"; path = "../../Downloads/icon/ios7/Icon-76@2x.png"; sourceTree = "<group>"; };
		AC26668518FCE878002EB43A /* Icon-Small-50.png */ = {isa = PBXFileReference; lastKnownFileType = image.png; name = "Icon-Small-50.png"; path = "../../Downloads/icon/ios7/Icon-Small-50.png"; sourceTree = "<group>"; };
		AC26668618FCE878002EB43A /* Icon-Small-50@2x.png */ = {isa = PBXFileReference; lastKnownFileType = image.png; name = "Icon-Small-50@2x.png"; path = "../../Downloads/icon/ios7/Icon-Small-50@2x.png"; sourceTree = "<group>"; };
		AC26668718FCE878002EB43A /* Icon-Small.png */ = {isa = PBXFileReference; lastKnownFileType = image.png; name = "Icon-Small.png"; path = "../../Downloads/icon/ios7/Icon-Small.png"; sourceTree = "<group>"; };
		AC26668818FCE878002EB43A /* Icon-Small@2x.png */ = {isa = PBXFileReference; lastKnownFileType = image.png; name = "Icon-Small@2x.png"; path = "../../Downloads/icon/ios7/Icon-Small@2x.png"; sourceTree = "<group>"; };
		AC26668918FCE878002EB43A /* Icon.png */ = {isa = PBXFileReference; lastKnownFileType = image.png; name = Icon.png; path = ../../Downloads/icon/ios7/Icon.png; sourceTree = "<group>"; };
		AC26668A18FCE878002EB43A /* Icon@2x.png */ = {isa = PBXFileReference; lastKnownFileType = image.png; name = "Icon@2x.png"; path = "../../Downloads/icon/ios7/Icon@2x.png"; sourceTree = "<group>"; };
		AC2666AA18FCF4E9002EB43A /* Blue.png */ = {isa = PBXFileReference; lastKnownFileType = image.png; path = Blue.png; sourceTree = "<group>"; };
		AC2666AB18FCF4E9002EB43A /* Blue@2x.png */ = {isa = PBXFileReference; lastKnownFileType = image.png; path = "Blue@2x.png"; sourceTree = "<group>"; };
		AC2666AC18FCF4EA002EB43A /* MKInfoPanel.h */ = {isa = PBXFileReference; fileEncoding = 4; lastKnownFileType = sourcecode.c.h; path = MKInfoPanel.h; sourceTree = "<group>"; };
		AC2666AD18FCF4EA002EB43A /* MKInfoPanel.m */ = {isa = PBXFileReference; fileEncoding = 4; lastKnownFileType = sourcecode.c.objc; path = MKInfoPanel.m; sourceTree = "<group>"; };
		AC2666AE18FCF4EA002EB43A /* MKInfoPanel.xib */ = {isa = PBXFileReference; fileEncoding = 4; lastKnownFileType = file.xib; path = MKInfoPanel.xib; sourceTree = "<group>"; };
		AC2666AF18FCF4EA002EB43A /* Red.png */ = {isa = PBXFileReference; lastKnownFileType = image.png; path = Red.png; sourceTree = "<group>"; };
		AC2666B018FCF4EA002EB43A /* Red@2x.png */ = {isa = PBXFileReference; lastKnownFileType = image.png; path = "Red@2x.png"; sourceTree = "<group>"; };
		AC2666B118FCF4EA002EB43A /* Tick.png */ = {isa = PBXFileReference; lastKnownFileType = image.png; path = Tick.png; sourceTree = "<group>"; };
		AC2666B218FCF4EA002EB43A /* Tick@2x.png */ = {isa = PBXFileReference; lastKnownFileType = image.png; path = "Tick@2x.png"; sourceTree = "<group>"; };
		AC2666B318FCF4EA002EB43A /* Warning.png */ = {isa = PBXFileReference; lastKnownFileType = image.png; path = Warning.png; sourceTree = "<group>"; };
		AC2666B418FCF4EA002EB43A /* Warning@2x.png */ = {isa = PBXFileReference; lastKnownFileType = image.png; path = "Warning@2x.png"; sourceTree = "<group>"; };
/* End PBXFileReference section */

/* Begin PBXFrameworksBuildPhase section */
		AC2665AB18FB1C59002EB43A /* Frameworks */ = {
			isa = PBXFrameworksBuildPhase;
			buildActionMask = 2147483647;
			files = (
				AC2665B418FB1C59002EB43A /* CoreGraphics.framework in Frameworks */,
				AC2665B618FB1C59002EB43A /* UIKit.framework in Frameworks */,
				AC2665B218FB1C59002EB43A /* Foundation.framework in Frameworks */,
			);
			runOnlyForDeploymentPostprocessing = 0;
		};
		AC2665D218FB1C59002EB43A /* Frameworks */ = {
			isa = PBXFrameworksBuildPhase;
			buildActionMask = 2147483647;
			files = (
				AC2665D718FB1C59002EB43A /* XCTest.framework in Frameworks */,
				AC2665D918FB1C59002EB43A /* UIKit.framework in Frameworks */,
				AC2665D818FB1C59002EB43A /* Foundation.framework in Frameworks */,
			);
			runOnlyForDeploymentPostprocessing = 0;
		};
/* End PBXFrameworksBuildPhase section */

/* Begin PBXGroup section */
		AC2665A518FB1C59002EB43A = {
			isa = PBXGroup;
			children = (
				AC26660418FBB096002EB43A /* SDWebImage */,
				AC2665B718FB1C59002EB43A /* Reactiongifs */,
				AC2665DC18FB1C59002EB43A /* ReactiongifsTests */,
				AC2665B018FB1C59002EB43A /* Frameworks */,
				AC2665AF18FB1C59002EB43A /* Products */,
			);
			sourceTree = "<group>";
		};
		AC2665AF18FB1C59002EB43A /* Products */ = {
			isa = PBXGroup;
			children = (
				AC2665AE18FB1C59002EB43A /* Reactiongifs.app */,
				AC2665D518FB1C59002EB43A /* ReactiongifsTests.xctest */,
			);
			name = Products;
			sourceTree = "<group>";
		};
		AC2665B018FB1C59002EB43A /* Frameworks */ = {
			isa = PBXGroup;
			children = (
				AC2665B118FB1C59002EB43A /* Foundation.framework */,
				AC2665B318FB1C59002EB43A /* CoreGraphics.framework */,
				AC2665B518FB1C59002EB43A /* UIKit.framework */,
				AC2665D618FB1C59002EB43A /* XCTest.framework */,
			);
			name = Frameworks;
			sourceTree = "<group>";
		};
		AC2665B718FB1C59002EB43A /* Reactiongifs */ = {
			isa = PBXGroup;
			children = (
				AC2665C018FB1C59002EB43A /* GifAppDelegate.h */,
				AC2666A918FCF4E9002EB43A /* MKInfoBundle */,
				AC2665C118FB1C59002EB43A /* GifAppDelegate.m */,
				AC2665C318FB1C59002EB43A /* Main_iPhone.storyboard */,
				AC26664118FC9813002EB43A /* GifsViewController.h */,
				AC26664218FC9813002EB43A /* GifsViewController.m */,
				AC2665C618FB1C59002EB43A /* Main_iPad.storyboard */,
				AC2665C918FB1C59002EB43A /* GifMasterViewController.h */,
				AC2665F218FB1E74002EB43A /* GifCommunicatorDelegate.h */,
				AC2665F318FB2044002EB43A /* GifBuilder.h */,
				AC2665F418FB2044002EB43A /* GifBuilder.m */,
				AC2665F918FB23E2002EB43A /* GifManager.h */,
				AC2665FA18FB23E2002EB43A /* GifManager.m */,
				AC2665FC18FB2414002EB43A /* GifManagerDelegate.h */,
				AC2665F618FB20BD002EB43A /* GifCommunicator.h */,
				AC2665F718FB20BD002EB43A /* GifCommunicator.m */,
				AC2665EF18FB1D6A002EB43A /* Gif.h */,
				AC2665F018FB1D6A002EB43A /* Gif.m */,
				AC2665FD18FB27E9002EB43A /* Album.h */,
				AC2665FE18FB27E9002EB43A /* Album.m */,
				AC26660018FB27F3002EB43A /* Gallery.h */,
				AC26660118FB27F3002EB43A /* Gallery.m */,
				AC2665CA18FB1C59002EB43A /* GifMasterViewController.m */,
				AC2665CC18FB1C59002EB43A /* GifDetailViewController.h */,
				AC26664718FCA8C6002EB43A /* GifTableViewCell.h */,
				AC26664818FCA8C6002EB43A /* GifTableViewCell.m */,
				AC2665CD18FB1C59002EB43A /* GifDetailViewController.m */,
				AC2665CF18FB1C59002EB43A /* Images.xcassets */,
				AC2665B818FB1C59002EB43A /* Supporting Files */,
			);
			path = Reactiongifs;
			sourceTree = "<group>";
		};
		AC2665B818FB1C59002EB43A /* Supporting Files */ = {
			isa = PBXGroup;
			children = (
				AC26669918FCE9F3002EB43A /* icon */,
				AC26664C18FCBB45002EB43A /* preloader.gif */,
				AC26664A18FCBA58002EB43A /* loading.gif */,
				AC2665B918FB1C59002EB43A /* Reactiongifs-Info.plist */,
				AC2665BA18FB1C59002EB43A /* InfoPlist.strings */,
				AC2665BD18FB1C59002EB43A /* main.m */,
				AC2665BF18FB1C59002EB43A /* Reactiongifs-Prefix.pch */,
			);
			name = "Supporting Files";
			sourceTree = "<group>";
		};
		AC2665DC18FB1C59002EB43A /* ReactiongifsTests */ = {
			isa = PBXGroup;
			children = (
				AC2665E218FB1C59002EB43A /* ReactiongifsTests.m */,
				AC2665DD18FB1C59002EB43A /* Supporting Files */,
			);
			path = ReactiongifsTests;
			sourceTree = "<group>";
		};
		AC2665DD18FB1C59002EB43A /* Supporting Files */ = {
			isa = PBXGroup;
			children = (
				AC2665DE18FB1C59002EB43A /* ReactiongifsTests-Info.plist */,
				AC2665DF18FB1C59002EB43A /* InfoPlist.strings */,
			);
			name = "Supporting Files";
			sourceTree = "<group>";
		};
		AC26660418FBB096002EB43A /* SDWebImage */ = {
			isa = PBXGroup;
			children = (
				AC26660518FBB096002EB43A /* MKAnnotationView+WebCache.h */,
				AC26660618FBB096002EB43A /* MKAnnotationView+WebCache.m */,
				AC26660718FBB096002EB43A /* NSData+ImageContentType.h */,
				AC26660818FBB096002EB43A /* NSData+ImageContentType.m */,
				AC26660918FBB096002EB43A /* SDImageCache.h */,
				AC26660A18FBB096002EB43A /* SDImageCache.m */,
				AC26660B18FBB096002EB43A /* SDWebImageCompat.h */,
				AC26660C18FBB096002EB43A /* SDWebImageCompat.m */,
				AC26660D18FBB096002EB43A /* SDWebImageDecoder.h */,
				AC26660E18FBB096002EB43A /* SDWebImageDecoder.m */,
				AC26660F18FBB096002EB43A /* SDWebImageDownloader.h */,
				AC26661018FBB096002EB43A /* SDWebImageDownloader.m */,
				AC26661118FBB096002EB43A /* SDWebImageDownloaderOperation.h */,
				AC26661218FBB096002EB43A /* SDWebImageDownloaderOperation.m */,
				AC26661318FBB096002EB43A /* SDWebImageManager.h */,
				AC26661418FBB096002EB43A /* SDWebImageManager.m */,
				AC26661518FBB096002EB43A /* SDWebImageOperation.h */,
				AC26661618FBB096002EB43A /* SDWebImagePrefetcher.h */,
				AC26661718FBB096002EB43A /* SDWebImagePrefetcher.m */,
				AC26661818FBB096002EB43A /* UIButton+WebCache.h */,
				AC26661918FBB096002EB43A /* UIButton+WebCache.m */,
				AC26661A18FBB096002EB43A /* UIImage+GIF.h */,
				AC26661B18FBB096002EB43A /* UIImage+GIF.m */,
				AC26661C18FBB096002EB43A /* UIImage+MultiFormat.h */,
				AC26661D18FBB096002EB43A /* UIImage+MultiFormat.m */,
				AC26661E18FBB096002EB43A /* UIImage+WebP.h */,
				AC26661F18FBB096002EB43A /* UIImage+WebP.m */,
				AC26662018FBB096002EB43A /* UIImageView+WebCache.h */,
				AC26662118FBB096002EB43A /* UIImageView+WebCache.m */,
			);
			name = SDWebImage;
			path = "../Downloads/SDWebImage-master/SDWebImage";
			sourceTree = "<group>";
		};
		AC26669918FCE9F3002EB43A /* icon */ = {
			isa = PBXGroup;
			children = (
				AC26667D18FCE878002EB43A /* Icon-40.png */,
				AC26667E18FCE878002EB43A /* Icon-40@2x.png */,
				AC26667F18FCE878002EB43A /* Icon-60.png */,
				AC26668018FCE878002EB43A /* Icon-60@2x.png */,
				AC26668118FCE878002EB43A /* Icon-72.png */,
				AC26668218FCE878002EB43A /* Icon-72@2x.png */,
				AC26668318FCE878002EB43A /* Icon-76.png */,
				AC26668418FCE878002EB43A /* Icon-76@2x.png */,
				AC26668518FCE878002EB43A /* Icon-Small-50.png */,
				AC26668618FCE878002EB43A /* Icon-Small-50@2x.png */,
				AC26668718FCE878002EB43A /* Icon-Small.png */,
				AC26668818FCE878002EB43A /* Icon-Small@2x.png */,
				AC26668918FCE878002EB43A /* Icon.png */,
				AC26668A18FCE878002EB43A /* Icon@2x.png */,
			);
			name = icon;
			sourceTree = "<group>";
		};
		AC2666A918FCF4E9002EB43A /* MKInfoBundle */ = {
			isa = PBXGroup;
			children = (
				AC2666AA18FCF4E9002EB43A /* Blue.png */,
				AC2666AB18FCF4E9002EB43A /* Blue@2x.png */,
				AC2666AC18FCF4EA002EB43A /* MKInfoPanel.h */,
				AC2666AD18FCF4EA002EB43A /* MKInfoPanel.m */,
				AC2666AE18FCF4EA002EB43A /* MKInfoPanel.xib */,
				AC2666AF18FCF4EA002EB43A /* Red.png */,
				AC2666B018FCF4EA002EB43A /* Red@2x.png */,
				AC2666B118FCF4EA002EB43A /* Tick.png */,
				AC2666B218FCF4EA002EB43A /* Tick@2x.png */,
				AC2666B318FCF4EA002EB43A /* Warning.png */,
				AC2666B418FCF4EA002EB43A /* Warning@2x.png */,
			);
			name = MKInfoBundle;
			path = "../../Downloads/MKInfoPanelDemo-master 2/MKInfoBundle";
			sourceTree = "<group>";
		};
/* End PBXGroup section */

/* Begin PBXNativeTarget section */
		AC2665AD18FB1C59002EB43A /* Reactions */ = {
			isa = PBXNativeTarget;
			buildConfigurationList = AC2665E618FB1C59002EB43A /* Build configuration list for PBXNativeTarget "Reactions" */;
			buildPhases = (
				AC2665AA18FB1C59002EB43A /* Sources */,
				AC2665AB18FB1C59002EB43A /* Frameworks */,
				AC2665AC18FB1C59002EB43A /* Resources */,
			);
			buildRules = (
			);
			dependencies = (
			);
			name = Reactions;
			productName = Reactiongifs;
			productReference = AC2665AE18FB1C59002EB43A /* Reactiongifs.app */;
			productType = "com.apple.product-type.application";
		};
		AC2665D418FB1C59002EB43A /* ReactiongifsTests */ = {
			isa = PBXNativeTarget;
			buildConfigurationList = AC2665E918FB1C59002EB43A /* Build configuration list for PBXNativeTarget "ReactiongifsTests" */;
			buildPhases = (
				AC2665D118FB1C59002EB43A /* Sources */,
				AC2665D218FB1C59002EB43A /* Frameworks */,
				AC2665D318FB1C59002EB43A /* Resources */,
			);
			buildRules = (
			);
			dependencies = (
				AC2665DB18FB1C59002EB43A /* PBXTargetDependency */,
			);
			name = ReactiongifsTests;
			productName = ReactiongifsTests;
			productReference = AC2665D518FB1C59002EB43A /* ReactiongifsTests.xctest */;
			productType = "com.apple.product-type.bundle.unit-test";
		};
/* End PBXNativeTarget section */

/* Begin PBXProject section */
		AC2665A618FB1C59002EB43A /* Project object */ = {
			isa = PBXProject;
			attributes = {
				CLASSPREFIX = Gif;
				LastUpgradeCheck = 0510;
				ORGANIZATIONNAME = AlexJansen;
				TargetAttributes = {
					AC2665AD18FB1C59002EB43A = {
						DevelopmentTeam = D94F3ZERQ8;
					};
					AC2665D418FB1C59002EB43A = {
						TestTargetID = AC2665AD18FB1C59002EB43A;
					};
				};
			};
			buildConfigurationList = AC2665A918FB1C59002EB43A /* Build configuration list for PBXProject "Reactiongifs" */;
			compatibilityVersion = "Xcode 3.2";
			developmentRegion = English;
			hasScannedForEncodings = 0;
			knownRegions = (
				en,
				Base,
			);
			mainGroup = AC2665A518FB1C59002EB43A;
			productRefGroup = AC2665AF18FB1C59002EB43A /* Products */;
			projectDirPath = "";
			projectRoot = "";
			targets = (
				AC2665AD18FB1C59002EB43A /* Reactions */,
				AC2665D418FB1C59002EB43A /* ReactiongifsTests */,
			);
		};
/* End PBXProject section */

/* Begin PBXResourcesBuildPhase section */
		AC2665AC18FB1C59002EB43A /* Resources */ = {
			isa = PBXResourcesBuildPhase;
			buildActionMask = 2147483647;
			files = (
				AC2666BD18FCF4EA002EB43A /* Warning.png in Resources */,
				AC2665C818FB1C59002EB43A /* Main_iPad.storyboard in Resources */,
				AC26669118FCE878002EB43A /* Icon-76.png in Resources */,
				AC26669418FCE878002EB43A /* Icon-Small-50@2x.png in Resources */,
				AC26669618FCE878002EB43A /* Icon-Small@2x.png in Resources */,
				AC2666BC18FCF4EA002EB43A /* Tick@2x.png in Resources */,
				AC26668E18FCE878002EB43A /* Icon-60@2x.png in Resources */,
				AC26669018FCE878002EB43A /* Icon-72@2x.png in Resources */,
				AC26669218FCE878002EB43A /* Icon-76@2x.png in Resources */,
				AC2665D018FB1C59002EB43A /* Images.xcassets in Resources */,
				AC2666B818FCF4EA002EB43A /* MKInfoPanel.xib in Resources */,
				AC26668F18FCE878002EB43A /* Icon-72.png in Resources */,
				AC2666BB18FCF4EA002EB43A /* Tick.png in Resources */,
				AC2666B518FCF4EA002EB43A /* Blue.png in Resources */,
				AC26669818FCE878002EB43A /* Icon@2x.png in Resources */,
				AC26664B18FCBA58002EB43A /* loading.gif in Resources */,
				AC26669718FCE878002EB43A /* Icon.png in Resources */,
				AC26668B18FCE878002EB43A /* Icon-40.png in Resources */,
				AC26669518FCE878002EB43A /* Icon-Small.png in Resources */,
				AC2665C518FB1C59002EB43A /* Main_iPhone.storyboard in Resources */,
				AC2666B618FCF4EA002EB43A /* Blue@2x.png in Resources */,
				AC26668D18FCE878002EB43A /* Icon-60.png in Resources */,
				AC26668C18FCE878002EB43A /* Icon-40@2x.png in Resources */,
				AC26669318FCE878002EB43A /* Icon-Small-50.png in Resources */,
				AC2666BE18FCF4EA002EB43A /* Warning@2x.png in Resources */,
				AC2666B918FCF4EA002EB43A /* Red.png in Resources */,
				AC2665BC18FB1C59002EB43A /* InfoPlist.strings in Resources */,
				AC2666BA18FCF4EA002EB43A /* Red@2x.png in Resources */,
				AC26664D18FCBB45002EB43A /* preloader.gif in Resources */,
			);
			runOnlyForDeploymentPostprocessing = 0;
		};
		AC2665D318FB1C59002EB43A /* Resources */ = {
			isa = PBXResourcesBuildPhase;
			buildActionMask = 2147483647;
			files = (
				AC2665E118FB1C59002EB43A /* InfoPlist.strings in Resources */,
			);
			runOnlyForDeploymentPostprocessing = 0;
		};
/* End PBXResourcesBuildPhase section */

/* Begin PBXSourcesBuildPhase section */
		AC2665AA18FB1C59002EB43A /* Sources */ = {
			isa = PBXSourcesBuildPhase;
			buildActionMask = 2147483647;
			files = (
				AC2665F118FB1D6A002EB43A /* Gif.m in Sources */,
				AC26662218FBB096002EB43A /* MKAnnotationView+WebCache.m in Sources */,
				AC26662F18FBB097002EB43A /* UIImageView+WebCache.m in Sources */,
				AC26664918FCA8C6002EB43A /* GifTableViewCell.m in Sources */,
				AC2665CE18FB1C59002EB43A /* GifDetailViewController.m in Sources */,
				AC26662A18FBB097002EB43A /* SDWebImagePrefetcher.m in Sources */,
				AC26662918FBB097002EB43A /* SDWebImageManager.m in Sources */,
				AC2665FF18FB27E9002EB43A /* Album.m in Sources */,
				AC2665F818FB20BD002EB43A /* GifCommunicator.m in Sources */,
				AC26662518FBB097002EB43A /* SDWebImageCompat.m in Sources */,
				AC2665F518FB2044002EB43A /* GifBuilder.m in Sources */,
				AC26662618FBB097002EB43A /* SDWebImageDecoder.m in Sources */,
				AC26662D18FBB097002EB43A /* UIImage+MultiFormat.m in Sources */,
				AC26662E18FBB097002EB43A /* UIImage+WebP.m in Sources */,
				AC26662818FBB097002EB43A /* SDWebImageDownloaderOperation.m in Sources */,
				AC26662718FBB097002EB43A /* SDWebImageDownloader.m in Sources */,
				AC26662C18FBB097002EB43A /* UIImage+GIF.m in Sources */,
				AC2665BE18FB1C59002EB43A /* main.m in Sources */,
				AC2666B718FCF4EA002EB43A /* MKInfoPanel.m in Sources */,
				AC2665C218FB1C59002EB43A /* GifAppDelegate.m in Sources */,
				AC2665FB18FB23E2002EB43A /* GifManager.m in Sources */,
				AC26660218FB27F3002EB43A /* Gallery.m in Sources */,
				AC26662418FBB096002EB43A /* SDImageCache.m in Sources */,
				AC26662B18FBB097002EB43A /* UIButton+WebCache.m in Sources */,
				AC26664318FC9813002EB43A /* GifsViewController.m in Sources */,
				AC26662318FBB096002EB43A /* NSData+ImageContentType.m in Sources */,
				AC2665CB18FB1C59002EB43A /* GifMasterViewController.m in Sources */,
			);
			runOnlyForDeploymentPostprocessing = 0;
		};
		AC2665D118FB1C59002EB43A /* Sources */ = {
			isa = PBXSourcesBuildPhase;
			buildActionMask = 2147483647;
			files = (
				AC2665E318FB1C59002EB43A /* ReactiongifsTests.m in Sources */,
			);
			runOnlyForDeploymentPostprocessing = 0;
		};
/* End PBXSourcesBuildPhase section */

/* Begin PBXTargetDependency section */
		AC2665DB18FB1C59002EB43A /* PBXTargetDependency */ = {
			isa = PBXTargetDependency;
			target = AC2665AD18FB1C59002EB43A /* Reactions */;
			targetProxy = AC2665DA18FB1C59002EB43A /* PBXContainerItemProxy */;
		};
/* End PBXTargetDependency section */

/* Begin PBXVariantGroup section */
		AC2665BA18FB1C59002EB43A /* InfoPlist.strings */ = {
			isa = PBXVariantGroup;
			children = (
				AC2665BB18FB1C59002EB43A /* en */,
			);
			name = InfoPlist.strings;
			sourceTree = "<group>";
		};
		AC2665C318FB1C59002EB43A /* Main_iPhone.storyboard */ = {
			isa = PBXVariantGroup;
			children = (
				AC2665C418FB1C59002EB43A /* Base */,
			);
			name = Main_iPhone.storyboard;
			sourceTree = "<group>";
		};
		AC2665C618FB1C59002EB43A /* Main_iPad.storyboard */ = {
			isa = PBXVariantGroup;
			children = (
				AC2665C718FB1C59002EB43A /* Base */,
			);
			name = Main_iPad.storyboard;
			sourceTree = "<group>";
		};
		AC2665DF18FB1C59002EB43A /* InfoPlist.strings */ = {
			isa = PBXVariantGroup;
			children = (
				AC2665E018FB1C59002EB43A /* en */,
			);
			name = InfoPlist.strings;
			sourceTree = "<group>";
		};
/* End PBXVariantGroup section */

/* Begin XCBuildConfiguration section */
		AC2665E418FB1C59002EB43A /* Debug */ = {
			isa = XCBuildConfiguration;
			buildSettings = {
				ALWAYS_SEARCH_USER_PATHS = NO;
				CLANG_CXX_LANGUAGE_STANDARD = "gnu++0x";
				CLANG_CXX_LIBRARY = "libc++";
				CLANG_ENABLE_MODULES = YES;
				CLANG_ENABLE_OBJC_ARC = YES;
				CLANG_WARN_BOOL_CONVERSION = YES;
				CLANG_WARN_CONSTANT_CONVERSION = YES;
				CLANG_WARN_DIRECT_OBJC_ISA_USAGE = YES_ERROR;
				CLANG_WARN_EMPTY_BODY = YES;
				CLANG_WARN_ENUM_CONVERSION = YES;
				CLANG_WARN_INT_CONVERSION = YES;
				CLANG_WARN_OBJC_ROOT_CLASS = YES_ERROR;
				CLANG_WARN__DUPLICATE_METHOD_MATCH = YES;
				"CODE_SIGN_IDENTITY[sdk=iphoneos*]" = "iPhone Developer";
				COPY_PHASE_STRIP = NO;
				GCC_C_LANGUAGE_STANDARD = gnu99;
				GCC_DYNAMIC_NO_PIC = NO;
				GCC_OPTIMIZATION_LEVEL = 0;
				GCC_PREPROCESSOR_DEFINITIONS = (
					"DEBUG=1",
					"$(inherited)",
				);
				GCC_SYMBOLS_PRIVATE_EXTERN = NO;
				GCC_WARN_64_TO_32_BIT_CONVERSION = YES;
				GCC_WARN_ABOUT_RETURN_TYPE = YES_ERROR;
				GCC_WARN_UNDECLARED_SELECTOR = YES;
				GCC_WARN_UNINITIALIZED_AUTOS = YES_AGGRESSIVE;
				GCC_WARN_UNUSED_FUNCTION = YES;
				GCC_WARN_UNUSED_VARIABLE = YES;
				IPHONEOS_DEPLOYMENT_TARGET = 7.0;
				ONLY_ACTIVE_ARCH = YES;
				SDKROOT = iphoneos;
				TARGETED_DEVICE_FAMILY = "1,2";
			};
			name = Debug;
		};
		AC2665E518FB1C59002EB43A /* Release */ = {
			isa = XCBuildConfiguration;
			buildSettings = {
				ALWAYS_SEARCH_USER_PATHS = NO;
				CLANG_CXX_LANGUAGE_STANDARD = "gnu++0x";
				CLANG_CXX_LIBRARY = "libc++";
				CLANG_ENABLE_MODULES = YES;
				CLANG_ENABLE_OBJC_ARC = YES;
				CLANG_WARN_BOOL_CONVERSION = YES;
				CLANG_WARN_CONSTANT_CONVERSION = YES;
				CLANG_WARN_DIRECT_OBJC_ISA_USAGE = YES_ERROR;
				CLANG_WARN_EMPTY_BODY = YES;
				CLANG_WARN_ENUM_CONVERSION = YES;
				CLANG_WARN_INT_CONVERSION = YES;
				CLANG_WARN_OBJC_ROOT_CLASS = YES_ERROR;
				CLANG_WARN__DUPLICATE_METHOD_MATCH = YES;
				"CODE_SIGN_IDENTITY[sdk=iphoneos*]" = "iPhone Developer";
				COPY_PHASE_STRIP = YES;
				ENABLE_NS_ASSERTIONS = NO;
				GCC_C_LANGUAGE_STANDARD = gnu99;
				GCC_WARN_64_TO_32_BIT_CONVERSION = YES;
				GCC_WARN_ABOUT_RETURN_TYPE = YES_ERROR;
				GCC_WARN_UNDECLARED_SELECTOR = YES;
				GCC_WARN_UNINITIALIZED_AUTOS = YES_AGGRESSIVE;
				GCC_WARN_UNUSED_FUNCTION = YES;
				GCC_WARN_UNUSED_VARIABLE = YES;
				IPHONEOS_DEPLOYMENT_TARGET = 7.0;
				SDKROOT = iphoneos;
				TARGETED_DEVICE_FAMILY = "1,2";
				VALIDATE_PRODUCT = YES;
			};
			name = Release;
		};
		AC2665E718FB1C59002EB43A /* Debug */ = {
			isa = XCBuildConfiguration;
			buildSettings = {
				ASSETCATALOG_COMPILER_APPICON_NAME = "AppIcon-4";
				ASSETCATALOG_COMPILER_LAUNCHIMAGE_NAME = "LaunchImage-2";
				CODE_SIGN_IDENTITY = "iPhone Developer";
				GCC_PRECOMPILE_PREFIX_HEADER = YES;
				GCC_PREFIX_HEADER = "Reactiongifs/Reactiongifs-Prefix.pch";
				INFOPLIST_FILE = "Reactiongifs/Reactiongifs-Info.plist";
				IPHONEOS_DEPLOYMENT_TARGET = 7.0;
				PRODUCT_NAME = "$(TARGET_NAME)";
				TARGETED_DEVICE_FAMILY = 1;
				WRAPPER_EXTENSION = app;
			};
			name = Debug;
		};
		AC2665E818FB1C59002EB43A /* Release */ = {
			isa = XCBuildConfiguration;
			buildSettings = {
				ASSETCATALOG_COMPILER_APPICON_NAME = "AppIcon-4";
				ASSETCATALOG_COMPILER_LAUNCHIMAGE_NAME = "LaunchImage-2";
				CODE_SIGN_IDENTITY = "iPhone Developer";
				GCC_PRECOMPILE_PREFIX_HEADER = YES;
				GCC_PREFIX_HEADER = "Reactiongifs/Reactiongifs-Prefix.pch";
				INFOPLIST_FILE = "Reactiongifs/Reactiongifs-Info.plist";
				IPHONEOS_DEPLOYMENT_TARGET = 7.0;
				PRODUCT_NAME = "$(TARGET_NAME)";
				TARGETED_DEVICE_FAMILY = 1;
				WRAPPER_EXTENSION = app;
			};
			name = Release;
		};
		AC2665EA18FB1C59002EB43A /* Debug */ = {
			isa = XCBuildConfiguration;
			buildSettings = {
				BUNDLE_LOADER = "$(BUILT_PRODUCTS_DIR)/Reactiongifs.app/Reactiongifs";
				FRAMEWORK_SEARCH_PATHS = (
					"$(SDKROOT)/Developer/Library/Frameworks",
					"$(inherited)",
					"$(DEVELOPER_FRAMEWORKS_DIR)",
				);
				GCC_PRECOMPILE_PREFIX_HEADER = YES;
				GCC_PREFIX_HEADER = "Reactiongifs/Reactiongifs-Prefix.pch";
				GCC_PREPROCESSOR_DEFINITIONS = (
					"DEBUG=1",
					"$(inherited)",
				);
				INFOPLIST_FILE = "ReactiongifsTests/ReactiongifsTests-Info.plist";
				PRODUCT_NAME = "$(TARGET_NAME)";
				TEST_HOST = "$(BUNDLE_LOADER)";
				WRAPPER_EXTENSION = xctest;
			};
			name = Debug;
		};
		AC2665EB18FB1C59002EB43A /* Release */ = {
			isa = XCBuildConfiguration;
			buildSettings = {
				BUNDLE_LOADER = "$(BUILT_PRODUCTS_DIR)/Reactiongifs.app/Reactiongifs";
				FRAMEWORK_SEARCH_PATHS = (
					"$(SDKROOT)/Developer/Library/Frameworks",
					"$(inherited)",
					"$(DEVELOPER_FRAMEWORKS_DIR)",
				);
				GCC_PRECOMPILE_PREFIX_HEADER = YES;
				GCC_PREFIX_HEADER = "Reactiongifs/Reactiongifs-Prefix.pch";
				INFOPLIST_FILE = "ReactiongifsTests/ReactiongifsTests-Info.plist";
				PRODUCT_NAME = "$(TARGET_NAME)";
				TEST_HOST = "$(BUNDLE_LOADER)";
				WRAPPER_EXTENSION = xctest;
			};
			name = Release;
		};
/* End XCBuildConfiguration section */

/* Begin XCConfigurationList section */
		AC2665A918FB1C59002EB43A /* Build configuration list for PBXProject "Reactiongifs" */ = {
			isa = XCConfigurationList;
			buildConfigurations = (
				AC2665E418FB1C59002EB43A /* Debug */,
				AC2665E518FB1C59002EB43A /* Release */,
			);
			defaultConfigurationIsVisible = 0;
			defaultConfigurationName = Release;
		};
		AC2665E618FB1C59002EB43A /* Build configuration list for PBXNativeTarget "Reactions" */ = {
			isa = XCConfigurationList;
			buildConfigurations = (
				AC2665E718FB1C59002EB43A /* Debug */,
				AC2665E818FB1C59002EB43A /* Release */,
			);
			defaultConfigurationIsVisible = 0;
		};
		AC2665E918FB1C59002EB43A /* Build configuration list for PBXNativeTarget "ReactiongifsTests" */ = {
			isa = XCConfigurationList;
			buildConfigurations = (
				AC2665EA18FB1C59002EB43A /* Debug */,
				AC2665EB18FB1C59002EB43A /* Release */,
			);
			defaultConfigurationIsVisible = 0;
		};
/* End XCConfigurationList section */
	};
	rootObject = AC2665A618FB1C59002EB43A /* Project object */;
}
